name: Update UV Lock File

on:
  workflow_dispatch:
  push:
    paths:
      - 'pyproject.toml'

permissions:
  contents: write

jobs:
  update-lock:
    runs-on: ubuntu-latest
    steps:
      - uses: actions/checkout@v6
        with:
          token: ${{ secrets.GITHUB_TOKEN }}

      - name: Set up Python
        uses: actions/setup-python@v6
        with:
          python-version: '3.10'

      - name: Install UV
        run: |
          curl -LsSf https://astral.sh/uv/install.sh | sh
          echo "$HOME/.cargo/bin" >> $GITHUB_PATH

      - name: Update uv.lock
        run: |
          uv lock

      - name: Commit and push if changed
        run: |
          git config --local user.name 'github-actions[bot]'
          git config --local user.email 'github-actions[bot]@users.noreply.github.com'
          git add uv.lock
          if ! git diff --staged --quiet; then
            git commit -m "chore: update uv.lock file [skip ci]"
            git push
          else
            echo "No changes to uv.lock"
          fi
